// !$*UTF8*$!
{
	archiveVersion = 1;
	classes = {
	};
	objectVersion = 46;
	objects = {

/* Begin PBXBuildFile section */
		701EB9421842C8F70056D83B /* Foundation.framework in Frameworks */ = {isa = PBXBuildFile; fileRef = 701EB9411842C8F70056D83B /* Foundation.framework */; };
		701EB9441842C8F70056D83B /* CoreGraphics.framework in Frameworks */ = {isa = PBXBuildFile; fileRef = 701EB9431842C8F70056D83B /* CoreGraphics.framework */; };
		701EB9461842C8F70056D83B /* UIKit.framework in Frameworks */ = {isa = PBXBuildFile; fileRef = 701EB9451842C8F70056D83B /* UIKit.framework */; };
		701EB94C1842C8F70056D83B /* InfoPlist.strings in Resources */ = {isa = PBXBuildFile; fileRef = 701EB94A1842C8F70056D83B /* InfoPlist.strings */; };
		701EB94E1842C8F70056D83B /* main.m in Sources */ = {isa = PBXBuildFile; fileRef = 701EB94D1842C8F70056D83B /* main.m */; };
		701EB9521842C8F70056D83B /* AppDelegate.m in Sources */ = {isa = PBXBuildFile; fileRef = 701EB9511842C8F70056D83B /* AppDelegate.m */; };
		701EB9551842C8F70056D83B /* Main_iPhone.storyboard in Resources */ = {isa = PBXBuildFile; fileRef = 701EB9531842C8F70056D83B /* Main_iPhone.storyboard */; };
		701EB9581842C8F70056D83B /* Main_iPad.storyboard in Resources */ = {isa = PBXBuildFile; fileRef = 701EB9561842C8F70056D83B /* Main_iPad.storyboard */; };
		701EB95B1842C8F70056D83B /* ViewController.m in Sources */ = {isa = PBXBuildFile; fileRef = 701EB95A1842C8F70056D83B /* ViewController.m */; };
		701EB95D1842C8F70056D83B /* Images.xcassets in Resources */ = {isa = PBXBuildFile; fileRef = 701EB95C1842C8F70056D83B /* Images.xcassets */; };
		701EB9641842C8F70056D83B /* XCTest.framework in Frameworks */ = {isa = PBXBuildFile; fileRef = 701EB9631842C8F70056D83B /* XCTest.framework */; };
		701EB9651842C8F70056D83B /* Foundation.framework in Frameworks */ = {isa = PBXBuildFile; fileRef = 701EB9411842C8F70056D83B /* Foundation.framework */; };
		701EB9661842C8F70056D83B /* UIKit.framework in Frameworks */ = {isa = PBXBuildFile; fileRef = 701EB9451842C8F70056D83B /* UIKit.framework */; };
		701EB96E1842C8F70056D83B /* InfoPlist.strings in Resources */ = {isa = PBXBuildFile; fileRef = 701EB96C1842C8F70056D83B /* InfoPlist.strings */; };
		701EB9701842C8F70056D83B /* goTenna_freeformTests.m in Sources */ = {isa = PBXBuildFile; fileRef = 701EB96F1842C8F70056D83B /* goTenna_freeformTests.m */; };
		701EB97C1843FAC90056D83B /* CoreBluetooth.framework in Frameworks */ = {isa = PBXBuildFile; fileRef = 701EB97B1843FAC90056D83B /* CoreBluetooth.framework */; };
/* End PBXBuildFile section */

/* Begin PBXContainerItemProxy section */
		701EB9671842C8F70056D83B /* PBXContainerItemProxy */ = {
			isa = PBXContainerItemProxy;
			containerPortal = 701EB9361842C8F70056D83B /* Project object */;
			proxyType = 1;
			remoteGlobalIDString = 701EB93D1842C8F70056D83B;
			remoteInfo = "goTenna-freeform";
		};
/* End PBXContainerItemProxy section */

/* Begin PBXFileReference section */
		701EB93E1842C8F70056D83B /* goTenna-freeform.app */ = {isa = PBXFileReference; explicitFileType = wrapper.application; includeInIndex = 0; path = "goTenna-freeform.app"; sourceTree = BUILT_PRODUCTS_DIR; };
		701EB9411842C8F70056D83B /* Foundation.framework */ = {isa = PBXFileReference; lastKnownFileType = wrapper.framework; name = Foundation.framework; path = System/Library/Frameworks/Foundation.framework; sourceTree = SDKROOT; };
		701EB9431842C8F70056D83B /* CoreGraphics.framework */ = {isa = PBXFileReference; lastKnownFileType = wrapper.framework; name = CoreGraphics.framework; path = System/Library/Frameworks/CoreGraphics.framework; sourceTree = SDKROOT; };
		701EB9451842C8F70056D83B /* UIKit.framework */ = {isa = PBXFileReference; lastKnownFileType = wrapper.framework; name = UIKit.framework; path = System/Library/Frameworks/UIKit.framework; sourceTree = SDKROOT; };
		701EB9491842C8F70056D83B /* goTenna-freeform-Info.plist */ = {isa = PBXFileReference; lastKnownFileType = text.plist.xml; path = "goTenna-freeform-Info.plist"; sourceTree = "<group>"; };
		701EB94B1842C8F70056D83B /* en */ = {isa = PBXFileReference; lastKnownFileType = text.plist.strings; name = en; path = en.lproj/InfoPlist.strings; sourceTree = "<group>"; };
		701EB94D1842C8F70056D83B /* main.m */ = {isa = PBXFileReference; lastKnownFileType = sourcecode.c.objc; path = main.m; sourceTree = "<group>"; };
		701EB94F1842C8F70056D83B /* goTenna-freeform-Prefix.pch */ = {isa = PBXFileReference; lastKnownFileType = sourcecode.c.h; path = "goTenna-freeform-Prefix.pch"; sourceTree = "<group>"; };
		701EB9501842C8F70056D83B /* AppDelegate.h */ = {isa = PBXFileReference; lastKnownFileType = sourcecode.c.h; path = AppDelegate.h; sourceTree = "<group>"; };
		701EB9511842C8F70056D83B /* AppDelegate.m */ = {isa = PBXFileReference; lastKnownFileType = sourcecode.c.objc; path = AppDelegate.m; sourceTree = "<group>"; };
		701EB9541842C8F70056D83B /* Base */ = {isa = PBXFileReference; lastKnownFileType = file.storyboard; name = Base; path = Base.lproj/Main_iPhone.storyboard; sourceTree = "<group>"; };
		701EB9571842C8F70056D83B /* Base */ = {isa = PBXFileReference; lastKnownFileType = file.storyboard; name = Base; path = Base.lproj/Main_iPad.storyboard; sourceTree = "<group>"; };
		701EB9591842C8F70056D83B /* ViewController.h */ = {isa = PBXFileReference; lastKnownFileType = sourcecode.c.h; path = ViewController.h; sourceTree = "<group>"; };
		701EB95A1842C8F70056D83B /* ViewController.m */ = {isa = PBXFileReference; lastKnownFileType = sourcecode.c.objc; path = ViewController.m; sourceTree = "<group>"; };
		701EB95C1842C8F70056D83B /* Images.xcassets */ = {isa = PBXFileReference; lastKnownFileType = folder.assetcatalog; path = Images.xcassets; sourceTree = "<group>"; };
		701EB9621842C8F70056D83B /* goTenna-freeformTests.xctest */ = {isa = PBXFileReference; explicitFileType = wrapper.cfbundle; includeInIndex = 0; path = "goTenna-freeformTests.xctest"; sourceTree = BUILT_PRODUCTS_DIR; };
		701EB9631842C8F70056D83B /* XCTest.framework */ = {isa = PBXFileReference; lastKnownFileType = wrapper.framework; name = XCTest.framework; path = Library/Frameworks/XCTest.framework; sourceTree = DEVELOPER_DIR; };
		701EB96B1842C8F70056D83B /* goTenna-freeformTests-Info.plist */ = {isa = PBXFileReference; lastKnownFileType = text.plist.xml; path = "goTenna-freeformTests-Info.plist"; sourceTree = "<group>"; };
		701EB96D1842C8F70056D83B /* en */ = {isa = PBXFileReference; lastKnownFileType = text.plist.strings; name = en; path = en.lproj/InfoPlist.strings; sourceTree = "<group>"; };
		701EB96F1842C8F70056D83B /* goTenna_freeformTests.m */ = {isa = PBXFileReference; lastKnownFileType = sourcecode.c.objc; path = goTenna_freeformTests.m; sourceTree = "<group>"; };
		701EB97B1843FAC90056D83B /* CoreBluetooth.framework */ = {isa = PBXFileReference; lastKnownFileType = wrapper.framework; name = CoreBluetooth.framework; path = System/Library/Frameworks/CoreBluetooth.framework; sourceTree = SDKROOT; };
/* End PBXFileReference section */

/* Begin PBXFrameworksBuildPhase section */
		701EB93B1842C8F70056D83B /* Frameworks */ = {
			isa = PBXFrameworksBuildPhase;
			buildActionMask = 2147483647;
			files = (
				701EB97C1843FAC90056D83B /* CoreBluetooth.framework in Frameworks */,
				701EB9441842C8F70056D83B /* CoreGraphics.framework in Frameworks */,
				701EB9461842C8F70056D83B /* UIKit.framework in Frameworks */,
				701EB9421842C8F70056D83B /* Foundation.framework in Frameworks */,
			);
			runOnlyForDeploymentPostprocessing = 0;
		};
		701EB95F1842C8F70056D83B /* Frameworks */ = {
			isa = PBXFrameworksBuildPhase;
			buildActionMask = 2147483647;
			files = (
				701EB9641842C8F70056D83B /* XCTest.framework in Frameworks */,
				701EB9661842C8F70056D83B /* UIKit.framework in Frameworks */,
				701EB9651842C8F70056D83B /* Foundation.framework in Frameworks */,
			);
			runOnlyForDeploymentPostprocessing = 0;
		};
/* End PBXFrameworksBuildPhase section */

/* Begin PBXGroup section */
		701EB9351842C8F70056D83B = {
			isa = PBXGroup;
			children = (
				701EB9471842C8F70056D83B /* goTenna-freeform */,
				701EB9691842C8F70056D83B /* goTenna-freeformTests */,
				701EB9401842C8F70056D83B /* Frameworks */,
				701EB93F1842C8F70056D83B /* Products */,
			);
			sourceTree = "<group>";
		};
		701EB93F1842C8F70056D83B /* Products */ = {
			isa = PBXGroup;
			children = (
				701EB93E1842C8F70056D83B /* goTenna-freeform.app */,
				701EB9621842C8F70056D83B /* goTenna-freeformTests.xctest */,
			);
			name = Products;
			sourceTree = "<group>";
		};
		701EB9401842C8F70056D83B /* Frameworks */ = {
			isa = PBXGroup;
			children = (
				701EB97B1843FAC90056D83B /* CoreBluetooth.framework */,
				701EB9411842C8F70056D83B /* Foundation.framework */,
				701EB9431842C8F70056D83B /* CoreGraphics.framework */,
				701EB9451842C8F70056D83B /* UIKit.framework */,
				701EB9631842C8F70056D83B /* XCTest.framework */,
			);
			name = Frameworks;
			sourceTree = "<group>";
		};
		701EB9471842C8F70056D83B /* goTenna-freeform */ = {
			isa = PBXGroup;
			children = (
				701EB9501842C8F70056D83B /* AppDelegate.h */,
				701EB9511842C8F70056D83B /* AppDelegate.m */,
				701EB9531842C8F70056D83B /* Main_iPhone.storyboard */,
				701EB9561842C8F70056D83B /* Main_iPad.storyboard */,
				701EB9591842C8F70056D83B /* ViewController.h */,
				701EB95A1842C8F70056D83B /* ViewController.m */,
				701EB95C1842C8F70056D83B /* Images.xcassets */,
				701EB9481842C8F70056D83B /* Supporting Files */,
			);
			path = "goTenna-freeform";
			sourceTree = "<group>";
		};
		701EB9481842C8F70056D83B /* Supporting Files */ = {
			isa = PBXGroup;
			children = (
				701EB9491842C8F70056D83B /* goTenna-freeform-Info.plist */,
				701EB94A1842C8F70056D83B /* InfoPlist.strings */,
				701EB94D1842C8F70056D83B /* main.m */,
				701EB94F1842C8F70056D83B /* goTenna-freeform-Prefix.pch */,
			);
			name = "Supporting Files";
			sourceTree = "<group>";
		};
		701EB9691842C8F70056D83B /* goTenna-freeformTests */ = {
			isa = PBXGroup;
			children = (
				701EB96F1842C8F70056D83B /* goTenna_freeformTests.m */,
				701EB96A1842C8F70056D83B /* Supporting Files */,
			);
			path = "goTenna-freeformTests";
			sourceTree = "<group>";
		};
		701EB96A1842C8F70056D83B /* Supporting Files */ = {
			isa = PBXGroup;
			children = (
				701EB96B1842C8F70056D83B /* goTenna-freeformTests-Info.plist */,
				701EB96C1842C8F70056D83B /* InfoPlist.strings */,
			);
			name = "Supporting Files";
			sourceTree = "<group>";
		};
/* End PBXGroup section */

/* Begin PBXNativeTarget section */
		701EB93D1842C8F70056D83B /* goTenna-freeform */ = {
			isa = PBXNativeTarget;
			buildConfigurationList = 701EB9731842C8F70056D83B /* Build configuration list for PBXNativeTarget "goTenna-freeform" */;
			buildPhases = (
				701EB93A1842C8F70056D83B /* Sources */,
				701EB93B1842C8F70056D83B /* Frameworks */,
				701EB93C1842C8F70056D83B /* Resources */,
			);
			buildRules = (
			);
			dependencies = (
			);
			name = "goTenna-freeform";
			productName = "goTenna-freeform";
			productReference = 701EB93E1842C8F70056D83B /* goTenna-freeform.app */;
			productType = "com.apple.product-type.application";
		};
		701EB9611842C8F70056D83B /* goTenna-freeformTests */ = {
			isa = PBXNativeTarget;
			buildConfigurationList = 701EB9761842C8F70056D83B /* Build configuration list for PBXNativeTarget "goTenna-freeformTests" */;
			buildPhases = (
				701EB95E1842C8F70056D83B /* Sources */,
				701EB95F1842C8F70056D83B /* Frameworks */,
				701EB9601842C8F70056D83B /* Resources */,
			);
			buildRules = (
			);
			dependencies = (
				701EB9681842C8F70056D83B /* PBXTargetDependency */,
			);
			name = "goTenna-freeformTests";
			productName = "goTenna-freeformTests";
			productReference = 701EB9621842C8F70056D83B /* goTenna-freeformTests.xctest */;
			productType = "com.apple.product-type.bundle.unit-test";
		};
/* End PBXNativeTarget section */

/* Begin PBXProject section */
		701EB9361842C8F70056D83B /* Project object */ = {
			isa = PBXProject;
			attributes = {
				LastUpgradeCheck = 0500;
				ORGANIZATIONNAME = "Julietta Yaunches";
				TargetAttributes = {
					701EB93D1842C8F70056D83B = {
						DevelopmentTeam = T34EE4GLT2;
					};
					701EB9611842C8F70056D83B = {
						TestTargetID = 701EB93D1842C8F70056D83B;
					};
				};
			};
			buildConfigurationList = 701EB9391842C8F70056D83B /* Build configuration list for PBXProject "goTenna-freeform" */;
			compatibilityVersion = "Xcode 3.2";
			developmentRegion = English;
			hasScannedForEncodings = 0;
			knownRegions = (
				en,
				Base,
			);
			mainGroup = 701EB9351842C8F70056D83B;
			productRefGroup = 701EB93F1842C8F70056D83B /* Products */;
			projectDirPath = "";
			projectRoot = "";
			targets = (
				701EB93D1842C8F70056D83B /* goTenna-freeform */,
				701EB9611842C8F70056D83B /* goTenna-freeformTests */,
			);
		};
/* End PBXProject section */

/* Begin PBXResourcesBuildPhase section */
		701EB93C1842C8F70056D83B /* Resources */ = {
			isa = PBXResourcesBuildPhase;
			buildActionMask = 2147483647;
			files = (
				701EB9581842C8F70056D83B /* Main_iPad.storyboard in Resources */,
				701EB95D1842C8F70056D83B /* Images.xcassets in Resources */,
				701EB9551842C8F70056D83B /* Main_iPhone.storyboard in Resources */,
				701EB94C1842C8F70056D83B /* InfoPlist.strings in Resources */,
			);
			runOnlyForDeploymentPostprocessing = 0;
		};
		701EB9601842C8F70056D83B /* Resources */ = {
			isa = PBXResourcesBuildPhase;
			buildActionMask = 2147483647;
			files = (
				701EB96E1842C8F70056D83B /* InfoPlist.strings in Resources */,
			);
			runOnlyForDeploymentPostprocessing = 0;
		};
/* End PBXResourcesBuildPhase section */

/* Begin PBXSourcesBuildPhase section */
		701EB93A1842C8F70056D83B /* Sources */ = {
			isa = PBXSourcesBuildPhase;
			buildActionMask = 2147483647;
			files = (
				701EB95B1842C8F70056D83B /* ViewController.m in Sources */,
				701EB9521842C8F70056D83B /* AppDelegate.m in Sources */,
				701EB94E1842C8F70056D83B /* main.m in Sources */,
			);
			runOnlyForDeploymentPostprocessing = 0;
		};
		701EB95E1842C8F70056D83B /* Sources */ = {
			isa = PBXSourcesBuildPhase;
			buildActionMask = 2147483647;
			files = (
				701EB9701842C8F70056D83B /* goTenna_freeformTests.m in Sources */,
			);
			runOnlyForDeploymentPostprocessing = 0;
		};
/* End PBXSourcesBuildPhase section */

/* Begin PBXTargetDependency section */
		701EB9681842C8F70056D83B /* PBXTargetDependency */ = {
			isa = PBXTargetDependency;
			target = 701EB93D1842C8F70056D83B /* goTenna-freeform */;
			targetProxy = 701EB9671842C8F70056D83B /* PBXContainerItemProxy */;
		};
/* End PBXTargetDependency section */

/* Begin PBXVariantGroup section */
		701EB94A1842C8F70056D83B /* InfoPlist.strings */ = {
			isa = PBXVariantGroup;
			children = (
				701EB94B1842C8F70056D83B /* en */,
			);
			name = InfoPlist.strings;
			sourceTree = "<group>";
		};
		701EB9531842C8F70056D83B /* Main_iPhone.storyboard */ = {
			isa = PBXVariantGroup;
			children = (
				701EB9541842C8F70056D83B /* Base */,
			);
			name = Main_iPhone.storyboard;
			sourceTree = "<group>";
		};
		701EB9561842C8F70056D83B /* Main_iPad.storyboard */ = {
			isa = PBXVariantGroup;
			children = (
				701EB9571842C8F70056D83B /* Base */,
			);
			name = Main_iPad.storyboard;
			sourceTree = "<group>";
		};
		701EB96C1842C8F70056D83B /* InfoPlist.strings */ = {
			isa = PBXVariantGroup;
			children = (
				701EB96D1842C8F70056D83B /* en */,
			);
			name = InfoPlist.strings;
			sourceTree = "<group>";
		};
/* End PBXVariantGroup section */

/* Begin XCBuildConfiguration section */
		701EB9711842C8F70056D83B /* Debug */ = {
			isa = XCBuildConfiguration;
			buildSettings = {
				ALWAYS_SEARCH_USER_PATHS = NO;
				ARCHS = "$(ARCHS_STANDARD_INCLUDING_64_BIT)";
				CLANG_CXX_LANGUAGE_STANDARD = "gnu++0x";
				CLANG_CXX_LIBRARY = "libc++";
				CLANG_ENABLE_MODULES = YES;
				CLANG_ENABLE_OBJC_ARC = YES;
				CLANG_WARN_BOOL_CONVERSION = YES;
				CLANG_WARN_CONSTANT_CONVERSION = YES;
				CLANG_WARN_DIRECT_OBJC_ISA_USAGE = YES_ERROR;
				CLANG_WARN_EMPTY_BODY = YES;
				CLANG_WARN_ENUM_CONVERSION = YES;
				CLANG_WARN_INT_CONVERSION = YES;
				CLANG_WARN_OBJC_ROOT_CLASS = YES_ERROR;
				CLANG_WARN__DUPLICATE_METHOD_MATCH = YES;
				"CODE_SIGN_IDENTITY[sdk=iphoneos*]" = "iPhone Developer";
				COPY_PHASE_STRIP = NO;
				GCC_C_LANGUAGE_STANDARD = gnu99;
				GCC_DYNAMIC_NO_PIC = NO;
				GCC_OPTIMIZATION_LEVEL = 0;
				GCC_PREPROCESSOR_DEFINITIONS = (
					"DEBUG=1",
					"$(inherited)",
				);
				GCC_SYMBOLS_PRIVATE_EXTERN = NO;
				GCC_WARN_64_TO_32_BIT_CONVERSION = YES;
				GCC_WARN_ABOUT_RETURN_TYPE = YES_ERROR;
				GCC_WARN_UNDECLARED_SELECTOR = YES;
				GCC_WARN_UNINITIALIZED_AUTOS = YES;
				GCC_WARN_UNUSED_FUNCTION = YES;
				GCC_WARN_UNUSED_VARIABLE = YES;
				IPHONEOS_DEPLOYMENT_TARGET = 7.0;
				ONLY_ACTIVE_ARCH = YES;
				SDKROOT = iphoneos;
				TARGETED_DEVICE_FAMILY = "1,2";
			};
			name = Debug;
		};
		701EB9721842C8F70056D83B /* Release */ = {
			isa = XCBuildConfiguration;
			buildSettings = {
				ALWAYS_SEARCH_USER_PATHS = NO;
				ARCHS = "$(ARCHS_STANDARD_INCLUDING_64_BIT)";
				CLANG_CXX_LANGUAGE_STANDARD = "gnu++0x";
				CLANG_CXX_LIBRARY = "libc++";
				CLANG_ENABLE_MODULES = YES;
				CLANG_ENABLE_OBJC_ARC = YES;
				CLANG_WARN_BOOL_CONVERSION = YES;
				CLANG_WARN_CONSTANT_CONVERSION = YES;
				CLANG_WARN_DIRECT_OBJC_ISA_USAGE = YES_ERROR;
				CLANG_WARN_EMPTY_BODY = YES;
				CLANG_WARN_ENUM_CONVERSION = YES;
				CLANG_WARN_INT_CONVERSION = YES;
				CLANG_WARN_OBJC_ROOT_CLASS = YES_ERROR;
				CLANG_WARN__DUPLICATE_METHOD_MATCH = YES;
				"CODE_SIGN_IDENTITY[sdk=iphoneos*]" = "iPhone Developer";
				COPY_PHASE_STRIP = YES;
				ENABLE_NS_ASSERTIONS = NO;
				GCC_C_LANGUAGE_STANDARD = gnu99;
				GCC_WARN_64_TO_32_BIT_CONVERSION = YES;
				GCC_WARN_ABOUT_RETURN_TYPE = YES_ERROR;
				GCC_WARN_UNDECLARED_SELECTOR = YES;
				GCC_WARN_UNINITIALIZED_AUTOS = YES;
				GCC_WARN_UNUSED_FUNCTION = YES;
				GCC_WARN_UNUSED_VARIABLE = YES;
				IPHONEOS_DEPLOYMENT_TARGET = 7.0;
				SDKROOT = iphoneos;
				TARGETED_DEVICE_FAMILY = "1,2";
				VALIDATE_PRODUCT = YES;
			};
			name = Release;
		};
		701EB9741842C8F70056D83B /* Debug */ = {
			isa = XCBuildConfiguration;
			buildSettings = {
				ASSETCATALOG_COMPILER_APPICON_NAME = AppIcon;
				ASSETCATALOG_COMPILER_LAUNCHIMAGE_NAME = LaunchImage;
				CODE_SIGN_IDENTITY = "iPhone Developer";
				"CODE_SIGN_IDENTITY[sdk=iphoneos*]" = "iPhone Developer";
				GCC_PRECOMPILE_PREFIX_HEADER = YES;
				GCC_PREFIX_HEADER = "goTenna-freeform/goTenna-freeform-Prefix.pch";
				INFOPLIST_FILE = "goTenna-freeform/goTenna-freeform-Info.plist";
				PRODUCT_NAME = "$(TARGET_NAME)";
				PROVISIONING_PROFILE = "";
				WRAPPER_EXTENSION = app;
			};
			name = Debug;
		};
		701EB9751842C8F70056D83B /* Release */ = {
			isa = XCBuildConfiguration;
			buildSettings = {
				ASSETCATALOG_COMPILER_APPICON_NAME = AppIcon;
				ASSETCATALOG_COMPILER_LAUNCHIMAGE_NAME = LaunchImage;
				CODE_SIGN_IDENTITY = "iPhone Developer";
				"CODE_SIGN_IDENTITY[sdk=iphoneos*]" = "iPhone Developer";
				GCC_PRECOMPILE_PREFIX_HEADER = YES;
				GCC_PREFIX_HEADER = "goTenna-freeform/goTenna-freeform-Prefix.pch";
				INFOPLIST_FILE = "goTenna-freeform/goTenna-freeform-Info.plist";
				PRODUCT_NAME = "$(TARGET_NAME)";
				PROVISIONING_PROFILE = "";
				WRAPPER_EXTENSION = app;
			};
			name = Release;
		};
		701EB9771842C8F70056D83B /* Debug */ = {
			isa = XCBuildConfiguration;
			buildSettings = {
				ARCHS = "$(ARCHS_STANDARD_INCLUDING_64_BIT)";
				BUNDLE_LOADER = "$(BUILT_PRODUCTS_DIR)/goTenna-freeform.app/goTenna-freeform";
				FRAMEWORK_SEARCH_PATHS = (
					"$(SDKROOT)/Developer/Library/Frameworks",
					"$(inherited)",
					"$(DEVELOPER_FRAMEWORKS_DIR)",
				);
				GCC_PRECOMPILE_PREFIX_HEADER = YES;
				GCC_PREFIX_HEADER = "goTenna-freeform/goTenna-freeform-Prefix.pch";
				GCC_PREPROCESSOR_DEFINITIONS = (
					"DEBUG=1",
					"$(inherited)",
				);
				INFOPLIST_FILE = "goTenna-freeformTests/goTenna-freeformTests-Info.plist";
				PRODUCT_NAME = "$(TARGET_NAME)";
				TEST_HOST = "$(BUNDLE_LOADER)";
				WRAPPER_EXTENSION = xctest;
			};
			name = Debug;
		};
		701EB9781842C8F70056D83B /* Release */ = {
			isa = XCBuildConfiguration;
			buildSettings = {
				ARCHS = "$(ARCHS_STANDARD_INCLUDING_64_BIT)";
				BUNDLE_LOADER = "$(BUILT_PRODUCTS_DIR)/goTenna-freeform.app/goTenna-freeform";
				FRAMEWORK_SEARCH_PATHS = (
					"$(SDKROOT)/Developer/Library/Frameworks",
					"$(inherited)",
					"$(DEVELOPER_FRAMEWORKS_DIR)",
				);
				GCC_PRECOMPILE_PREFIX_HEADER = YES;
				GCC_PREFIX_HEADER = "goTenna-freeform/goTenna-freeform-Prefix.pch";
				INFOPLIST_FILE = "goTenna-freeformTests/goTenna-freeformTests-Info.plist";
				PRODUCT_NAME = "$(TARGET_NAME)";
				TEST_HOST = "$(BUNDLE_LOADER)";
				WRAPPER_EXTENSION = xctest;
			};
			name = Release;
		};
/* End XCBuildConfiguration section */

/* Begin XCConfigurationList section */
		701EB9391842C8F70056D83B /* Build configuration list for PBXProject "goTenna-freeform" */ = {
			isa = XCConfigurationList;
			buildConfigurations = (
				701EB9711842C8F70056D83B /* Debug */,
				701EB9721842C8F70056D83B /* Release */,
			);
			defaultConfigurationIsVisible = 0;
			defaultConfigurationName = Release;
		};
		701EB9731842C8F70056D83B /* Build configuration list for PBXNativeTarget "goTenna-freeform" */ = {
			isa = XCConfigurationList;
			buildConfigurations = (
				701EB9741842C8F70056D83B /* Debug */,
				701EB9751842C8F70056D83B /* Release */,
			);
			defaultConfigurationIsVisible = 0;
			defaultConfigurationName = Release;
		};
		701EB9761842C8F70056D83B /* Build configuration list for PBXNativeTarget "goTenna-freeformTests" */ = {
			isa = XCConfigurationList;
			buildConfigurations = (
				701EB9771842C8F70056D83B /* Debug */,
				701EB9781842C8F70056D83B /* Release */,
			);
			defaultConfigurationIsVisible = 0;
			defaultConfigurationName = Release;
		};
/* End XCConfigurationList section */
	};
	rootObject = 701EB9361842C8F70056D83B /* Project object */;
}
